
Microsoft Visual Studio Solution File, Format Version 12.00
# Visual Studio Version 17
VisualStudioVersion = 17.9.34607.119
MinimumVisualStudioVersion = 10.0.40219.1
Project("{FAE04EC0-301F-11D3-BF4B-00C04F79EFBC}") = "IdentityAuthService", "IdentityAuthService.csproj", "{D18AF846-A15F-4D63-82FC-45E48E437746}"
EndProject
Global
	GlobalSection(SolutionConfigurationPlatforms) = preSolution
		Debug|Any CPU = Debug|Any CPU
		Release|Any CPU = Release|Any CPU
	EndGlobalSection
	GlobalSection(ProjectConfigurationPlatforms) = postSolution
		{D18AF846-A15F-4D63-82FC-45E48E437746}.Debug|Any CPU.ActiveCfg = Debug|Any CPU
		{D18AF846-A15F-4D63-82FC-45E48E437746}.Debug|Any CPU.Build.0 = Debug|Any CPU
		{D18AF846-A15F-4D63-82FC-45E48E437746}.Release|Any CPU.ActiveCfg = Release|Any CPU
		{D18AF846-A15F-4D63-82FC-45E48E437746}.Release|Any CPU.Build.0 = Release|Any CPU
	EndGlobalSection
	GlobalSection(SolutionProperties) = preSolution
		HideSolutionNode = FALSE
	EndGlobalSection
	GlobalSection(ExtensibilityGlobals) = postSolution
		SolutionGuid = {BF10BDE8-37BE-47EC-8C44-403BA47BA66B}
	EndGlobalSection
EndGlobal
